// !$*UTF8*$!
{
	archiveVersion = 1;
	classes = {
	};
	objectVersion = 46;
	objects = {

/* Begin PBXBuildFile section */
		D28CEAF01CBB4B6900C11E44 /* BJCityPickerView.m in Sources */ = {isa = PBXBuildFile; fileRef = D2D442271CB7A9B800567478 /* BJCityPickerView.m */; };
		D2D441E61CB7A8E300567478 /* main.m in Sources */ = {isa = PBXBuildFile; fileRef = D2D441E51CB7A8E300567478 /* main.m */; };
		D2D441E91CB7A8E300567478 /* AppDelegate.m in Sources */ = {isa = PBXBuildFile; fileRef = D2D441E81CB7A8E300567478 /* AppDelegate.m */; };
		D2D441EC1CB7A8E300567478 /* ViewController.m in Sources */ = {isa = PBXBuildFile; fileRef = D2D441EB1CB7A8E300567478 /* ViewController.m */; };
		D2D441EF1CB7A8E300567478 /* Main.storyboard in Resources */ = {isa = PBXBuildFile; fileRef = D2D441ED1CB7A8E300567478 /* Main.storyboard */; };
		D2D441F21CB7A8E300567478 /* BJCityPicker.xcdatamodeld in Sources */ = {isa = PBXBuildFile; fileRef = D2D441F01CB7A8E300567478 /* BJCityPicker.xcdatamodeld */; };
		D2D441F41CB7A8E300567478 /* Assets.xcassets in Resources */ = {isa = PBXBuildFile; fileRef = D2D441F31CB7A8E300567478 /* Assets.xcassets */; };
		D2D441F71CB7A8E300567478 /* LaunchScreen.storyboard in Resources */ = {isa = PBXBuildFile; fileRef = D2D441F51CB7A8E300567478 /* LaunchScreen.storyboard */; };
		D2D442021CB7A8E300567478 /* BJCityPickerTests.m in Sources */ = {isa = PBXBuildFile; fileRef = D2D442011CB7A8E300567478 /* BJCityPickerTests.m */; };
		D2D4420D1CB7A8E300567478 /* BJCityPickerUITests.m in Sources */ = {isa = PBXBuildFile; fileRef = D2D4420C1CB7A8E300567478 /* BJCityPickerUITests.m */; };
		D2D442211CB7A93100567478 /* BJProvinces.m in Sources */ = {isa = PBXBuildFile; fileRef = D2D4421E1CB7A93100567478 /* BJProvinces.m */; };
		D2D442221CB7A93100567478 /* city.plist in Resources */ = {isa = PBXBuildFile; fileRef = D2D4421F1CB7A93100567478 /* city.plist */; };
		D2D442251CB7A97300567478 /* BJCityPicker.m in Sources */ = {isa = PBXBuildFile; fileRef = D2D442241CB7A97300567478 /* BJCityPicker.m */; };
		D2D442281CB7A9B800567478 /* BJCityPickerView.m in Sources */ = {isa = PBXBuildFile; fileRef = D2D442271CB7A9B800567478 /* BJCityPickerView.m */; };
/* End PBXBuildFile section */

/* Begin PBXContainerItemProxy section */
		D2D441FE1CB7A8E300567478 /* PBXContainerItemProxy */ = {
			isa = PBXContainerItemProxy;
			containerPortal = D2D441D91CB7A8E300567478 /* Project object */;
			proxyType = 1;
			remoteGlobalIDString = D2D441E01CB7A8E300567478;
			remoteInfo = BJCityPicker;
		};
		D2D442091CB7A8E300567478 /* PBXContainerItemProxy */ = {
			isa = PBXContainerItemProxy;
			containerPortal = D2D441D91CB7A8E300567478 /* Project object */;
			proxyType = 1;
			remoteGlobalIDString = D2D441E01CB7A8E300567478;
			remoteInfo = BJCityPicker;
		};
/* End PBXContainerItemProxy section */

/* Begin PBXFileReference section */
		D2D441E11CB7A8E300567478 /* BJCityPicker.app */ = {isa = PBXFileReference; explicitFileType = wrapper.application; includeInIndex = 0; path = BJCityPicker.app; sourceTree = BUILT_PRODUCTS_DIR; };
		D2D441E51CB7A8E300567478 /* main.m */ = {isa = PBXFileReference; lastKnownFileType = sourcecode.c.objc; path = main.m; sourceTree = "<group>"; };
		D2D441E71CB7A8E300567478 /* AppDelegate.h */ = {isa = PBXFileReference; lastKnownFileType = sourcecode.c.h; path = AppDelegate.h; sourceTree = "<group>"; };
		D2D441E81CB7A8E300567478 /* AppDelegate.m */ = {isa = PBXFileReference; lastKnownFileType = sourcecode.c.objc; path = AppDelegate.m; sourceTree = "<group>"; };
		D2D441EA1CB7A8E300567478 /* ViewController.h */ = {isa = PBXFileReference; lastKnownFileType = sourcecode.c.h; path = ViewController.h; sourceTree = "<group>"; };
		D2D441EB1CB7A8E300567478 /* ViewController.m */ = {isa = PBXFileReference; lastKnownFileType = sourcecode.c.objc; path = ViewController.m; sourceTree = "<group>"; };
		D2D441EE1CB7A8E300567478 /* Base */ = {isa = PBXFileReference; lastKnownFileType = file.storyboard; name = Base; path = Base.lproj/Main.storyboard; sourceTree = "<group>"; };
		D2D441F11CB7A8E300567478 /* BJCityPicker.xcdatamodel */ = {isa = PBXFileReference; lastKnownFileType = wrapper.xcdatamodel; path = BJCityPicker.xcdatamodel; sourceTree = "<group>"; };
		D2D441F31CB7A8E300567478 /* Assets.xcassets */ = {isa = PBXFileReference; lastKnownFileType = folder.assetcatalog; path = Assets.xcassets; sourceTree = "<group>"; };
		D2D441F61CB7A8E300567478 /* Base */ = {isa = PBXFileReference; lastKnownFileType = file.storyboard; name = Base; path = Base.lproj/LaunchScreen.storyboard; sourceTree = "<group>"; };
		D2D441F81CB7A8E300567478 /* Info.plist */ = {isa = PBXFileReference; lastKnownFileType = text.plist.xml; path = Info.plist; sourceTree = "<group>"; };
		D2D441FD1CB7A8E300567478 /* BJCityPickerTests.xctest */ = {isa = PBXFileReference; explicitFileType = wrapper.cfbundle; includeInIndex = 0; path = BJCityPickerTests.xctest; sourceTree = BUILT_PRODUCTS_DIR; };
		D2D442011CB7A8E300567478 /* BJCityPickerTests.m */ = {isa = PBXFileReference; lastKnownFileType = sourcecode.c.objc; path = BJCityPickerTests.m; sourceTree = "<group>"; };
		D2D442031CB7A8E300567478 /* Info.plist */ = {isa = PBXFileReference; lastKnownFileType = text.plist.xml; path = Info.plist; sourceTree = "<group>"; };
		D2D442081CB7A8E300567478 /* BJCityPickerUITests.xctest */ = {isa = PBXFileReference; explicitFileType = wrapper.cfbundle; includeInIndex = 0; path = BJCityPickerUITests.xctest; sourceTree = BUILT_PRODUCTS_DIR; };
		D2D4420C1CB7A8E300567478 /* BJCityPickerUITests.m */ = {isa = PBXFileReference; lastKnownFileType = sourcecode.c.objc; path = BJCityPickerUITests.m; sourceTree = "<group>"; };
		D2D4420E1CB7A8E300567478 /* Info.plist */ = {isa = PBXFileReference; lastKnownFileType = text.plist.xml; path = Info.plist; sourceTree = "<group>"; };
		D2D4421D1CB7A93100567478 /* BJProvinces.h */ = {isa = PBXFileReference; fileEncoding = 4; lastKnownFileType = sourcecode.c.h; path = BJProvinces.h; sourceTree = "<group>"; };
		D2D4421E1CB7A93100567478 /* BJProvinces.m */ = {isa = PBXFileReference; fileEncoding = 4; lastKnownFileType = sourcecode.c.objc; path = BJProvinces.m; sourceTree = "<group>"; };
		D2D4421F1CB7A93100567478 /* city.plist */ = {isa = PBXFileReference; fileEncoding = 4; lastKnownFileType = text.plist.xml; path = city.plist; sourceTree = "<group>"; };
		D2D442231CB7A97300567478 /* BJCityPicker.h */ = {isa = PBXFileReference; fileEncoding = 4; lastKnownFileType = sourcecode.c.h; path = BJCityPicker.h; sourceTree = "<group>"; };
		D2D442241CB7A97300567478 /* BJCityPicker.m */ = {isa = PBXFileReference; fileEncoding = 4; lastKnownFileType = sourcecode.c.objc; path = BJCityPicker.m; sourceTree = "<group>"; };
		D2D442261CB7A9B800567478 /* BJCityPickerView.h */ = {isa = PBXFileReference; fileEncoding = 4; lastKnownFileType = sourcecode.c.h; path = BJCityPickerView.h; sourceTree = "<group>"; };
		D2D442271CB7A9B800567478 /* BJCityPickerView.m */ = {isa = PBXFileReference; fileEncoding = 4; lastKnownFileType = sourcecode.c.objc; path = BJCityPickerView.m; sourceTree = "<group>"; };
/* End PBXFileReference section */

/* Begin PBXFrameworksBuildPhase section */
		D2D441DE1CB7A8E300567478 /* Frameworks */ = {
			isa = PBXFrameworksBuildPhase;
			buildActionMask = 2147483647;
			files = (
			);
			runOnlyForDeploymentPostprocessing = 0;
		};
		D2D441FA1CB7A8E300567478 /* Frameworks */ = {
			isa = PBXFrameworksBuildPhase;
			buildActionMask = 2147483647;
			files = (
			);
			runOnlyForDeploymentPostprocessing = 0;
		};
		D2D442051CB7A8E300567478 /* Frameworks */ = {
			isa = PBXFrameworksBuildPhase;
			buildActionMask = 2147483647;
			files = (
			);
			runOnlyForDeploymentPostprocessing = 0;
		};
/* End PBXFrameworksBuildPhase section */

/* Begin PBXGroup section */
		D2D441D81CB7A8E300567478 = {
			isa = PBXGroup;
			children = (
				D2D441E31CB7A8E300567478 /* BJCityPicker */,
				D2D442001CB7A8E300567478 /* BJCityPickerTests */,
				D2D4420B1CB7A8E300567478 /* BJCityPickerUITests */,
				D2D441E21CB7A8E300567478 /* Products */,
			);
			sourceTree = "<group>";
		};
		D2D441E21CB7A8E300567478 /* Products */ = {
			isa = PBXGroup;
			children = (
				D2D441E11CB7A8E300567478 /* BJCityPicker.app */,
				D2D441FD1CB7A8E300567478 /* BJCityPickerTests.xctest */,
				D2D442081CB7A8E300567478 /* BJCityPickerUITests.xctest */,
			);
			name = Products;
			sourceTree = "<group>";
		};
		D2D441E31CB7A8E300567478 /* BJCityPicker */ = {
			isa = PBXGroup;
			children = (
				D2D4421A1CB7A93100567478 /* BJCityPicker */,
				D2D441E71CB7A8E300567478 /* AppDelegate.h */,
				D2D441E81CB7A8E300567478 /* AppDelegate.m */,
				D2D441EA1CB7A8E300567478 /* ViewController.h */,
				D2D441EB1CB7A8E300567478 /* ViewController.m */,
				D2D441ED1CB7A8E300567478 /* Main.storyboard */,
				D2D441F31CB7A8E300567478 /* Assets.xcassets */,
				D2D441F51CB7A8E300567478 /* LaunchScreen.storyboard */,
				D2D441F81CB7A8E300567478 /* Info.plist */,
				D2D441F01CB7A8E300567478 /* BJCityPicker.xcdatamodeld */,
				D2D441E41CB7A8E300567478 /* Supporting Files */,
			);
			path = BJCityPicker;
			sourceTree = "<group>";
		};
		D2D441E41CB7A8E300567478 /* Supporting Files */ = {
			isa = PBXGroup;
			children = (
				D2D441E51CB7A8E300567478 /* main.m */,
			);
			name = "Supporting Files";
			sourceTree = "<group>";
		};
		D2D442001CB7A8E300567478 /* BJCityPickerTests */ = {
			isa = PBXGroup;
			children = (
				D2D442011CB7A8E300567478 /* BJCityPickerTests.m */,
				D2D442031CB7A8E300567478 /* Info.plist */,
			);
			path = BJCityPickerTests;
			sourceTree = "<group>";
		};
		D2D4420B1CB7A8E300567478 /* BJCityPickerUITests */ = {
			isa = PBXGroup;
			children = (
				D2D4420C1CB7A8E300567478 /* BJCityPickerUITests.m */,
				D2D4420E1CB7A8E300567478 /* Info.plist */,
			);
			path = BJCityPickerUITests;
			sourceTree = "<group>";
		};
		D2D4421A1CB7A93100567478 /* BJCityPicker */ = {
			isa = PBXGroup;
			children = (
				D2D4421D1CB7A93100567478 /* BJProvinces.h */,
				D2D4421E1CB7A93100567478 /* BJProvinces.m */,
				D2D4421F1CB7A93100567478 /* city.plist */,
				D2D442231CB7A97300567478 /* BJCityPicker.h */,
				D2D442241CB7A97300567478 /* BJCityPicker.m */,
				D2D442261CB7A9B800567478 /* BJCityPickerView.h */,
				D2D442271CB7A9B800567478 /* BJCityPickerView.m */,
			);
			path = BJCityPicker;
			sourceTree = "<group>";
		};
/* End PBXGroup section */

/* Begin PBXNativeTarget section */
		D2D441E01CB7A8E300567478 /* BJCityPicker */ = {
			isa = PBXNativeTarget;
			buildConfigurationList = D2D442111CB7A8E300567478 /* Build configuration list for PBXNativeTarget "BJCityPicker" */;
			buildPhases = (
				D2D441DD1CB7A8E300567478 /* Sources */,
				D2D441DE1CB7A8E300567478 /* Frameworks */,
				D2D441DF1CB7A8E300567478 /* Resources */,
			);
			buildRules = (
			);
			dependencies = (
			);
			name = BJCityPicker;
			productName = BJCityPicker;
			productReference = D2D441E11CB7A8E300567478 /* BJCityPicker.app */;
			productType = "com.apple.product-type.application";
		};
		D2D441FC1CB7A8E300567478 /* BJCityPickerTests */ = {
			isa = PBXNativeTarget;
			buildConfigurationList = D2D442141CB7A8E300567478 /* Build configuration list for PBXNativeTarget "BJCityPickerTests" */;
			buildPhases = (
				D2D441F91CB7A8E300567478 /* Sources */,
				D2D441FA1CB7A8E300567478 /* Frameworks */,
				D2D441FB1CB7A8E300567478 /* Resources */,
			);
			buildRules = (
			);
			dependencies = (
				D2D441FF1CB7A8E300567478 /* PBXTargetDependency */,
			);
			name = BJCityPickerTests;
			productName = BJCityPickerTests;
			productReference = D2D441FD1CB7A8E300567478 /* BJCityPickerTests.xctest */;
			productType = "com.apple.product-type.bundle.unit-test";
		};
		D2D442071CB7A8E300567478 /* BJCityPickerUITests */ = {
			isa = PBXNativeTarget;
			buildConfigurationList = D2D442171CB7A8E300567478 /* Build configuration list for PBXNativeTarget "BJCityPickerUITests" */;
			buildPhases = (
				D2D442041CB7A8E300567478 /* Sources */,
				D2D442051CB7A8E300567478 /* Frameworks */,
				D2D442061CB7A8E300567478 /* Resources */,
			);
			buildRules = (
			);
			dependencies = (
				D2D4420A1CB7A8E300567478 /* PBXTargetDependency */,
			);
			name = BJCityPickerUITests;
			productName = BJCityPickerUITests;
			productReference = D2D442081CB7A8E300567478 /* BJCityPickerUITests.xctest */;
			productType = "com.apple.product-type.bundle.ui-testing";
		};
/* End PBXNativeTarget section */

/* Begin PBXProject section */
		D2D441D91CB7A8E300567478 /* Project object */ = {
			isa = PBXProject;
			attributes = {
				LastUpgradeCheck = 0730;
				ORGANIZATIONNAME = zbj;
				TargetAttributes = {
					D2D441E01CB7A8E300567478 = {
						CreatedOnToolsVersion = 7.3;
					};
					D2D441FC1CB7A8E300567478 = {
						CreatedOnToolsVersion = 7.3;
						TestTargetID = D2D441E01CB7A8E300567478;
					};
					D2D442071CB7A8E300567478 = {
						CreatedOnToolsVersion = 7.3;
						TestTargetID = D2D441E01CB7A8E300567478;
					};
				};
			};
			buildConfigurationList = D2D441DC1CB7A8E300567478 /* Build configuration list for PBXProject "BJCityPicker" */;
			compatibilityVersion = "Xcode 3.2";
			developmentRegion = English;
			hasScannedForEncodings = 0;
			knownRegions = (
				en,
				Base,
			);
			mainGroup = D2D441D81CB7A8E300567478;
			productRefGroup = D2D441E21CB7A8E300567478 /* Products */;
			projectDirPath = "";
			projectRoot = "";
			targets = (
				D2D441E01CB7A8E300567478 /* BJCityPicker */,
				D2D441FC1CB7A8E300567478 /* BJCityPickerTests */,
				D2D442071CB7A8E300567478 /* BJCityPickerUITests */,
			);
		};
/* End PBXProject section */

/* Begin PBXResourcesBuildPhase section */
		D2D441DF1CB7A8E300567478 /* Resources */ = {
			isa = PBXResourcesBuildPhase;
			buildActionMask = 2147483647;
			files = (
				D2D441F71CB7A8E300567478 /* LaunchScreen.storyboard in Resources */,
				D2D442221CB7A93100567478 /* city.plist in Resources */,
				D2D441F41CB7A8E300567478 /* Assets.xcassets in Resources */,
				D2D441EF1CB7A8E300567478 /* Main.storyboard in Resources */,
			);
			runOnlyForDeploymentPostprocessing = 0;
		};
		D2D441FB1CB7A8E300567478 /* Resources */ = {
			isa = PBXResourcesBuildPhase;
			buildActionMask = 2147483647;
			files = (
			);
			runOnlyForDeploymentPostprocessing = 0;
		};
		D2D442061CB7A8E300567478 /* Resources */ = {
			isa = PBXResourcesBuildPhase;
			buildActionMask = 2147483647;
			files = (
			);
			runOnlyForDeploymentPostprocessing = 0;
		};
/* End PBXResourcesBuildPhase section */

/* Begin PBXSourcesBuildPhase section */
		D2D441DD1CB7A8E300567478 /* Sources */ = {
			isa = PBXSourcesBuildPhase;
			buildActionMask = 2147483647;
			files = (
				D2D441F21CB7A8E300567478 /* BJCityPicker.xcdatamodeld in Sources */,
				D2D441EC1CB7A8E300567478 /* ViewController.m in Sources */,
				D2D442281CB7A9B800567478 /* BJCityPickerView.m in Sources */,
				D2D442211CB7A93100567478 /* BJProvinces.m in Sources */,
				D2D441E91CB7A8E300567478 /* AppDelegate.m in Sources */,
				D2D441E61CB7A8E300567478 /* main.m in Sources */,
				D2D442251CB7A97300567478 /* BJCityPicker.m in Sources */,
			);
			runOnlyForDeploymentPostprocessing = 0;
		};
		D2D441F91CB7A8E300567478 /* Sources */ = {
			isa = PBXSourcesBuildPhase;
			buildActionMask = 2147483647;
			files = (
				D2D442021CB7A8E300567478 /* BJCityPickerTests.m in Sources */,
				D28CEAF01CBB4B6900C11E44 /* BJCityPickerView.m in Sources */,
			);
			runOnlyForDeploymentPostprocessing = 0;
		};
		D2D442041CB7A8E300567478 /* Sources */ = {
			isa = PBXSourcesBuildPhase;
			buildActionMask = 2147483647;
			files = (
				D2D4420D1CB7A8E300567478 /* BJCityPickerUITests.m in Sources */,
			);
			runOnlyForDeploymentPostprocessing = 0;
		};
/* End PBXSourcesBuildPhase section */

/* Begin PBXTargetDependency section */
		D2D441FF1CB7A8E300567478 /* PBXTargetDependency */ = {
			isa = PBXTargetDependency;
			target = D2D441E01CB7A8E300567478 /* BJCityPicker */;
			targetProxy = D2D441FE1CB7A8E300567478 /* PBXContainerItemProxy */;
		};
		D2D4420A1CB7A8E300567478 /* PBXTargetDependency */ = {
			isa = PBXTargetDependency;
			target = D2D441E01CB7A8E300567478 /* BJCityPicker */;
			targetProxy = D2D442091CB7A8E300567478 /* PBXContainerItemProxy */;
		};
/* End PBXTargetDependency section */

/* Begin PBXVariantGroup section */
		D2D441ED1CB7A8E300567478 /* Main.storyboard */ = {
			isa = PBXVariantGroup;
			children = (
				D2D441EE1CB7A8E300567478 /* Base */,
			);
			name = Main.storyboard;
			sourceTree = "<group>";
		};
		D2D441F51CB7A8E300567478 /* LaunchScreen.storyboard */ = {
			isa = PBXVariantGroup;
			children = (
				D2D441F61CB7A8E300567478 /* Base */,
			);
			name = LaunchScreen.storyboard;
			sourceTree = "<group>";
		};
/* End PBXVariantGroup section */

/* Begin XCBuildConfiguration section */
		D2D4420F1CB7A8E300567478 /* Debug */ = {
			isa = XCBuildConfiguration;
			buildSettings = {
				ALWAYS_SEARCH_USER_PATHS = NO;
				CLANG_ANALYZER_NONNULL = YES;
				CLANG_CXX_LANGUAGE_STANDARD = "gnu++0x";
				CLANG_CXX_LIBRARY = "libc++";
				CLANG_ENABLE_MODULES = YES;
				CLANG_ENABLE_OBJC_ARC = YES;
				CLANG_WARN_BOOL_CONVERSION = YES;
				CLANG_WARN_CONSTANT_CONVERSION = YES;
				CLANG_WARN_DIRECT_OBJC_ISA_USAGE = YES_ERROR;
				CLANG_WARN_EMPTY_BODY = YES;
				CLANG_WARN_ENUM_CONVERSION = YES;
				CLANG_WARN_INT_CONVERSION = YES;
				CLANG_WARN_OBJC_ROOT_CLASS = YES_ERROR;
				CLANG_WARN_UNREACHABLE_CODE = YES;
				CLANG_WARN__DUPLICATE_METHOD_MATCH = YES;
				"CODE_SIGN_IDENTITY[sdk=iphoneos*]" = "iPhone Developer";
				COPY_PHASE_STRIP = NO;
				DEBUG_INFORMATION_FORMAT = dwarf;
				ENABLE_STRICT_OBJC_MSGSEND = YES;
				ENABLE_TESTABILITY = YES;
				GCC_C_LANGUAGE_STANDARD = gnu99;
				GCC_DYNAMIC_NO_PIC = NO;
				GCC_NO_COMMON_BLOCKS = YES;
				GCC_OPTIMIZATION_LEVEL = 0;
				GCC_PREPROCESSOR_DEFINITIONS = (
					"DEBUG=1",
					"$(inherited)",
				);
				GCC_WARN_64_TO_32_BIT_CONVERSION = YES;
				GCC_WARN_ABOUT_RETURN_TYPE = YES_ERROR;
				GCC_WARN_UNDECLARED_SELECTOR = YES;
				GCC_WARN_UNINITIALIZED_AUTOS = YES_AGGRESSIVE;
				GCC_WARN_UNUSED_FUNCTION = YES;
				GCC_WARN_UNUSED_VARIABLE = YES;
				IPHONEOS_DEPLOYMENT_TARGET = 9.3;
				MTL_ENABLE_DEBUG_INFO = YES;
				ONLY_ACTIVE_ARCH = YES;
				SDKROOT = iphoneos;
				TARGETED_DEVICE_FAMILY = "1,2";
			};
			name = Debug;
		};
		D2D442101CB7A8E300567478 /* Release */ = {
			isa = XCBuildConfiguration;
			buildSettings = {
				ALWAYS_SEARCH_USER_PATHS = NO;
				CLANG_ANALYZER_NONNULL = YES;
				CLANG_CXX_LANGUAGE_STANDARD = "gnu++0x";
				CLANG_CXX_LIBRARY = "libc++";
				CLANG_ENABLE_MODULES = YES;
				CLANG_ENABLE_OBJC_ARC = YES;
				CLANG_WARN_BOOL_CONVERSION = YES;
				CLANG_WARN_CONSTANT_CONVERSION = YES;
				CLANG_WARN_DIRECT_OBJC_ISA_USAGE = YES_ERROR;
				CLANG_WARN_EMPTY_BODY = YES;
				CLANG_WARN_ENUM_CONVERSION = YES;
				CLANG_WARN_INT_CONVERSION = YES;
				CLANG_WARN_OBJC_ROOT_CLASS = YES_ERROR;
				CLANG_WARN_UNREACHABLE_CODE = YES;
				CLANG_WARN__DUPLICATE_METHOD_MATCH = YES;
				"CODE_SIGN_IDENTITY[sdk=iphoneos*]" = "iPhone Developer";
				COPY_PHASE_STRIP = NO;
				DEBUG_INFORMATION_FORMAT = "dwarf-with-dsym";
				ENABLE_NS_ASSERTIONS = NO;
				ENABLE_STRICT_OBJC_MSGSEND = YES;
				GCC_C_LANGUAGE_STANDARD = gnu99;
				GCC_NO_COMMON_BLOCKS = YES;
				GCC_WARN_64_TO_32_BIT_CONVERSION = YES;
				GCC_WARN_ABOUT_RETURN_TYPE = YES_ERROR;
				GCC_WARN_UNDECLARED_SELECTOR = YES;
				GCC_WARN_UNINITIALIZED_AUTOS = YES_AGGRESSIVE;
				GCC_WARN_UNUSED_FUNCTION = YES;
				GCC_WARN_UNUSED_VARIABLE = YES;
				IPHONEOS_DEPLOYMENT_TARGET = 9.3;
				MTL_ENABLE_DEBUG_INFO = NO;
				SDKROOT = iphoneos;
				TARGETED_DEVICE_FAMILY = "1,2";
				VALIDATE_PRODUCT = YES;
			};
			name = Release;
		};
		D2D442121CB7A8E300567478 /* Debug */ = {
			isa = XCBuildConfiguration;
			buildSettings = {
				ASSETCATALOG_COMPILER_APPICON_NAME = AppIcon;
				INFOPLIST_FILE = BJCityPicker/Info.plist;
				LD_RUNPATH_SEARCH_PATHS = "$(inherited) @executable_path/Frameworks";
				PRODUCT_BUNDLE_IDENTIFIER = com.zcyx.BJCityPicker;
				PRODUCT_NAME = "$(TARGET_NAME)";
			};
			name = Debug;
		};
		D2D442131CB7A8E300567478 /* Release */ = {
			isa = XCBuildConfiguration;
			buildSettings = {
				ASSETCATALOG_COMPILER_APPICON_NAME = AppIcon;
				INFOPLIST_FILE = BJCityPicker/Info.plist;
				LD_RUNPATH_SEARCH_PATHS = "$(inherited) @executable_path/Frameworks";
				PRODUCT_BUNDLE_IDENTIFIER = com.zcyx.BJCityPicker;
				PRODUCT_NAME = "$(TARGET_NAME)";
			};
			name = Release;
		};
		D2D442151CB7A8E300567478 /* Debug */ = {
			isa = XCBuildConfiguration;
			buildSettings = {
				BUNDLE_LOADER = "$(TEST_HOST)";
				INFOPLIST_FILE = BJCityPickerTests/Info.plist;
				LD_RUNPATH_SEARCH_PATHS = "$(inherited) @executable_path/Frameworks @loader_path/Frameworks";
				PRODUCT_BUNDLE_IDENTIFIER = com.zcyx.BJCityPickerTests;
				PRODUCT_NAME = "$(TARGET_NAME)";
				TEST_HOST = "$(BUILT_PRODUCTS_DIR)/BJCityPicker.app/BJCityPicker";
			};
			name = Debug;
		};
		D2D442161CB7A8E300567478 /* Release */ = {
			isa = XCBuildConfiguration;
			buildSettings = {
				BUNDLE_LOADER = "$(TEST_HOST)";
				INFOPLIST_FILE = BJCityPickerTests/Info.plist;
				LD_RUNPATH_SEARCH_PATHS = "$(inherited) @executable_path/Frameworks @loader_path/Frameworks";
				PRODUCT_BUNDLE_IDENTIFIER = com.zcyx.BJCityPickerTests;
				PRODUCT_NAME = "$(TARGET_NAME)";
				TEST_HOST = "$(BUILT_PRODUCTS_DIR)/BJCityPicker.app/BJCityPicker";
			};
			name = Release;
		};
		D2D442181CB7A8E300567478 /* Debug */ = {
			isa = XCBuildConfiguration;
			buildSettings = {
				INFOPLIST_FILE = BJCityPickerUITests/Info.plist;
				LD_RUNPATH_SEARCH_PATHS = "$(inherited) @executable_path/Frameworks @loader_path/Frameworks";
				PRODUCT_BUNDLE_IDENTIFIER = com.zcyx.BJCityPickerUITests;
				PRODUCT_NAME = "$(TARGET_NAME)";
				TEST_TARGET_NAME = BJCityPicker;
			};
			name = Debug;
		};
		D2D442191CB7A8E300567478 /* Release */ = {
			isa = XCBuildConfiguration;
			buildSettings = {
				INFOPLIST_FILE = BJCityPickerUITests/Info.plist;
				LD_RUNPATH_SEARCH_PATHS = "$(inherited) @executable_path/Frameworks @loader_path/Frameworks";
				PRODUCT_BUNDLE_IDENTIFIER = com.zcyx.BJCityPickerUITests;
				PRODUCT_NAME = "$(TARGET_NAME)";
				TEST_TARGET_NAME = BJCityPicker;
			};
			name = Release;
		};
/* End XCBuildConfiguration section */

/* Begin XCConfigurationList section */
		D2D441DC1CB7A8E300567478 /* Build configuration list for PBXProject "BJCityPicker" */ = {
			isa = XCConfigurationList;
			buildConfigurations = (
				D2D4420F1CB7A8E300567478 /* Debug */,
				D2D442101CB7A8E300567478 /* Release */,
			);
			defaultConfigurationIsVisible = 0;
			defaultConfigurationName = Release;
		};
		D2D442111CB7A8E300567478 /* Build configuration list for PBXNativeTarget "BJCityPicker" */ = {
			isa = XCConfigurationList;
			buildConfigurations = (
				D2D442121CB7A8E300567478 /* Debug */,
				D2D442131CB7A8E300567478 /* Release */,
			);
			defaultConfigurationIsVisible = 0;
			defaultConfigurationName = Release;
		};
		D2D442141CB7A8E300567478 /* Build configuration list for PBXNativeTarget "BJCityPickerTests" */ = {
			isa = XCConfigurationList;
			buildConfigurations = (
				D2D442151CB7A8E300567478 /* Debug */,
				D2D442161CB7A8E300567478 /* Release */,
			);
			defaultConfigurationIsVisible = 0;
			defaultConfigurationName = Release;
		};
		D2D442171CB7A8E300567478 /* Build configuration list for PBXNativeTarget "BJCityPickerUITests" */ = {
			isa = XCConfigurationList;
			buildConfigurations = (
				D2D442181CB7A8E300567478 /* Debug */,
				D2D442191CB7A8E300567478 /* Release */,
			);
			defaultConfigurationIsVisible = 0;
			defaultConfigurationName = Release;
		};
/* End XCConfigurationList section */

/* Begin XCVersionGroup section */
		D2D441F01CB7A8E300567478 /* BJCityPicker.xcdatamodeld */ = {
			isa = XCVersionGroup;
			children = (
				D2D441F11CB7A8E300567478 /* BJCityPicker.xcdatamodel */,
			);
			currentVersion = D2D441F11CB7A8E300567478 /* BJCityPicker.xcdatamodel */;
			path = BJCityPicker.xcdatamodeld;
			sourceTree = "<group>";
			versionGroupType = wrapper.xcdatamodel;
		};
/* End XCVersionGroup section */
	};
	rootObject = D2D441D91CB7A8E300567478 /* Project object */;
}
